schema: '2.0'
stages:
  data_split:
    cmd: uv run -m src.data_split
    deps:
    - path: data/raw/
      hash: md5
      md5: d65ea4088f8217bbaa1204de8492657d.dir
      size: 12316333
      nfiles: 1
    - path: src/data_split.py
      hash: md5
      md5: 3d7970321e1b5ca9e262e1bd48a22460
      size: 1358
    outs:
    - path: data/interim/heart_test.parquet
      hash: md5
      md5: 6d1dbe16980ef9bdb05655e11bb535e9
      size: 1270256
    - path: data/interim/heart_train.parquet
      hash: md5
      md5: c44fb2f2af59e7e98098fcb4aad6caeb
      size: 4949802
  data_cleaning:
    cmd: uv run -m src.data_cleaning
    deps:
    - path: data/interim/heart_test.parquet
      hash: md5
      md5: 6d1dbe16980ef9bdb05655e11bb535e9
      size: 1270256
    - path: data/interim/heart_train.parquet
      hash: md5
      md5: c44fb2f2af59e7e98098fcb4aad6caeb
      size: 4949802
    - path: src/data_cleaning.py
      hash: md5
      md5: 87951677892ae5985c2d28c90b0413c2
      size: 2809
    outs:
    - path: data/processed/heart_train_cleaned.parquet
      hash: md5
      md5: 928702da7e0ea7aee7ae1049c43b93ce
      size: 2315281
  modeling:
    cmd: uv run -m src.modeling
    deps:
    - path: data/processed/heart_train_cleaned.parquet
      hash: md5
      md5: 928702da7e0ea7aee7ae1049c43b93ce
      size: 2315281
    - path: src/modeling.py
      hash: md5
      md5: 0552319d5d72d7377dab32c357275a69
      size: 4249
    params:
      params.yaml:
        modeling:
          n_trials: 5
          model_family: random_forest
          objective_function: Logloss
          loss_function: F1
